<?xml version="1.0" encoding="UTF-8"?>
<Scheme
   version = "1.3">
   <BuildAction>
      <BuildActionEntries>
         <BuildActionEntry
            buildForRunning = "YES">
            <BuildableReference
               BuildableIdentifier = "primary"
               BlueprintIdentifier = "C927DC0F57A6F60E5EF89AAB"
               BuildableName = "ASCIICounter.app"
               BlueprintName = "ASCIICounter"
               ReferencedContainer = "container:ASCIICounter.xcodeproj">
            </BuildableReference>
         </BuildActionEntry>
      </BuildActionEntries>
   </BuildAction>
   <LaunchAction
      useCustomWorkingDirectory = "NO"
      buildConfiguration = "Debug">
      <BuildableProductRunnable>
         <BuildableReference
            BuildableIdentifier = "primary"
            BlueprintIdentifier = "C927DC0F57A6F60E5EF89AAB"
            BuildableName = "ASCIICounter.app"
            BlueprintName = "ASCIICounter"
            ReferencedContainer = "container:ASCIICounter.xcodeproj">
         </BuildableReference>
      </BuildableProductRunnable>
   </LaunchAction>
</Scheme>
